
Microsoft Visual Studio Solution File, Format Version 12.00
# Visual Studio Version 16
VisualStudioVersion = 16.0.31702.278
MinimumVisualStudioVersion = 10.0.40219.1
Project("{FAE04EC0-301F-11D3-BF4B-00C04F79EFBC}") = "CfgComparator", "CfgComparator\CfgComparator.csproj", "{A79C45E2-4F1E-4C9B-87CD-1D54FB2ED211}"
EndProject
Global
	GlobalSection(SolutionConfigurationPlatforms) = preSolution
		Debug|Any CPU = Debug|Any CPU
		Release|Any CPU = Release|Any CPU
	EndGlobalSection
	GlobalSection(ProjectConfigurationPlatforms) = postSolution
		{A79C45E2-4F1E-4C9B-87CD-1D54FB2ED211}.Debug|Any CPU.ActiveCfg = Debug|Any CPU
		{A79C45E2-4F1E-4C9B-87CD-1D54FB2ED211}.Debug|Any CPU.Build.0 = Debug|Any CPU
		{A79C45E2-4F1E-4C9B-87CD-1D54FB2ED211}.Release|Any CPU.ActiveCfg = Release|Any CPU
		{A79C45E2-4F1E-4C9B-87CD-1D54FB2ED211}.Release|Any CPU.Build.0 = Release|Any CPU
	EndGlobalSection
	GlobalSection(SolutionProperties) = preSolution
		HideSolutionNode = FALSE
	EndGlobalSection
	GlobalSection(ExtensibilityGlobals) = postSolution
		SolutionGuid = {2166EC7C-7015-4A36-AAF3-D38EB074C3B3}
	EndGlobalSection
EndGlobal
